
Microsoft Visual Studio Solution File, Format Version 12.00
# Visual Studio Version 17
VisualStudioVersion = 17.3.32929.385
MinimumVisualStudioVersion = 10.0.40219.1
Project("{9A19103F-16F7-4668-BE54-9A1E7A4F7556}") = "TranslatorWebUser", "TranslatorWebUser\TranslatorWebUser.csproj", "{DFB56DFD-866F-4097-BDF9-9D15985408A1}"
EndProject
Project("{9A19103F-16F7-4668-BE54-9A1E7A4F7556}") = "TranslatorUser", "TranslatorUser\TranslatorUser.csproj", "{EB58F183-EE97-4B24-826D-B130F57BF93E}"
EndProject
Project("{9A19103F-16F7-4668-BE54-9A1E7A4F7556}") = "TranslatorAdmin", "TranslatorAdmin\TranslatorAdmin.csproj", "{6D334B1E-B23D-404D-BDBE-0FDE3D86D33B}"
EndProject
Project("{FAE04EC0-301F-11D3-BF4B-00C04F79EFBC}") = "TranslatorCore", "TranslatorCore\TranslatorCore.csproj", "{B044756E-6A16-485A-897D-884AB1A313A1}"
EndProject
Global
	GlobalSection(SolutionConfigurationPlatforms) = preSolution
		Debug|Any CPU = Debug|Any CPU
		Debug|x64 = Debug|x64
		Debug|x86 = Debug|x86
		Release|Any CPU = Release|Any CPU
		Release|x64 = Release|x64
		Release|x86 = Release|x86
	EndGlobalSection
	GlobalSection(ProjectConfigurationPlatforms) = postSolution
		{DFB56DFD-866F-4097-BDF9-9D15985408A1}.Debug|Any CPU.ActiveCfg = Debug|Any CPU
		{DFB56DFD-866F-4097-BDF9-9D15985408A1}.Debug|Any CPU.Build.0 = Debug|Any CPU
		{DFB56DFD-866F-4097-BDF9-9D15985408A1}.Debug|x64.ActiveCfg = Debug|Any CPU
		{DFB56DFD-866F-4097-BDF9-9D15985408A1}.Debug|x64.Build.0 = Debug|Any CPU
		{DFB56DFD-866F-4097-BDF9-9D15985408A1}.Debug|x86.ActiveCfg = Debug|Any CPU
		{DFB56DFD-866F-4097-BDF9-9D15985408A1}.Debug|x86.Build.0 = Debug|Any CPU
		{DFB56DFD-866F-4097-BDF9-9D15985408A1}.Release|Any CPU.ActiveCfg = Release|Any CPU
		{DFB56DFD-866F-4097-BDF9-9D15985408A1}.Release|Any CPU.Build.0 = Release|Any CPU
		{DFB56DFD-866F-4097-BDF9-9D15985408A1}.Release|x64.ActiveCfg = Release|Any CPU
		{DFB56DFD-866F-4097-BDF9-9D15985408A1}.Release|x64.Build.0 = Release|Any CPU
		{DFB56DFD-866F-4097-BDF9-9D15985408A1}.Release|x86.ActiveCfg = Release|Any CPU
		{DFB56DFD-866F-4097-BDF9-9D15985408A1}.Release|x86.Build.0 = Release|Any CPU
		{EB58F183-EE97-4B24-826D-B130F57BF93E}.Debug|Any CPU.ActiveCfg = Debug|Any CPU
		{EB58F183-EE97-4B24-826D-B130F57BF93E}.Debug|Any CPU.Build.0 = Debug|Any CPU
		{EB58F183-EE97-4B24-826D-B130F57BF93E}.Debug|x64.ActiveCfg = Debug|Any CPU
		{EB58F183-EE97-4B24-826D-B130F57BF93E}.Debug|x64.Build.0 = Debug|Any CPU
		{EB58F183-EE97-4B24-826D-B130F57BF93E}.Debug|x86.ActiveCfg = Debug|Any CPU
		{EB58F183-EE97-4B24-826D-B130F57BF93E}.Debug|x86.Build.0 = Debug|Any CPU
		{EB58F183-EE97-4B24-826D-B130F57BF93E}.Release|Any CPU.ActiveCfg = Release|Any CPU
		{EB58F183-EE97-4B24-826D-B130F57BF93E}.Release|Any CPU.Build.0 = Release|Any CPU
		{EB58F183-EE97-4B24-826D-B130F57BF93E}.Release|x64.ActiveCfg = Release|Any CPU
		{EB58F183-EE97-4B24-826D-B130F57BF93E}.Release|x64.Build.0 = Release|Any CPU
		{EB58F183-EE97-4B24-826D-B130F57BF93E}.Release|x86.ActiveCfg = Release|Any CPU
		{EB58F183-EE97-4B24-826D-B130F57BF93E}.Release|x86.Build.0 = Release|Any CPU
		{6D334B1E-B23D-404D-BDBE-0FDE3D86D33B}.Debug|Any CPU.ActiveCfg = Debug|Any CPU
		{6D334B1E-B23D-404D-BDBE-0FDE3D86D33B}.Debug|Any CPU.Build.0 = Debug|Any CPU
		{6D334B1E-B23D-404D-BDBE-0FDE3D86D33B}.Debug|x64.ActiveCfg = Debug|Any CPU
		{6D334B1E-B23D-404D-BDBE-0FDE3D86D33B}.Debug|x64.Build.0 = Debug|Any CPU
		{6D334B1E-B23D-404D-BDBE-0FDE3D86D33B}.Debug|x86.ActiveCfg = Debug|Any CPU
		{6D334B1E-B23D-404D-BDBE-0FDE3D86D33B}.Debug|x86.Build.0 = Debug|Any CPU
		{6D334B1E-B23D-404D-BDBE-0FDE3D86D33B}.Release|Any CPU.ActiveCfg = Release|Any CPU
		{6D334B1E-B23D-404D-BDBE-0FDE3D86D33B}.Release|Any CPU.Build.0 = Release|Any CPU
		{6D334B1E-B23D-404D-BDBE-0FDE3D86D33B}.Release|x64.ActiveCfg = Release|Any CPU
		{6D334B1E-B23D-404D-BDBE-0FDE3D86D33B}.Release|x64.Build.0 = Release|Any CPU
		{6D334B1E-B23D-404D-BDBE-0FDE3D86D33B}.Release|x86.ActiveCfg = Release|Any CPU
		{6D334B1E-B23D-404D-BDBE-0FDE3D86D33B}.Release|x86.Build.0 = Release|Any CPU
		{B044756E-6A16-485A-897D-884AB1A313A1}.Debug|Any CPU.ActiveCfg = Debug|Any CPU
		{B044756E-6A16-485A-897D-884AB1A313A1}.Debug|Any CPU.Build.0 = Debug|Any CPU
		{B044756E-6A16-485A-897D-884AB1A313A1}.Debug|x64.ActiveCfg = Debug|Any CPU
		{B044756E-6A16-485A-897D-884AB1A313A1}.Debug|x64.Build.0 = Debug|Any CPU
		{B044756E-6A16-485A-897D-884AB1A313A1}.Debug|x86.ActiveCfg = Debug|Any CPU
		{B044756E-6A16-485A-897D-884AB1A313A1}.Debug|x86.Build.0 = Debug|Any CPU
		{B044756E-6A16-485A-897D-884AB1A313A1}.Release|Any CPU.ActiveCfg = Release|Any CPU
		{B044756E-6A16-485A-897D-884AB1A313A1}.Release|Any CPU.Build.0 = Release|Any CPU
		{B044756E-6A16-485A-897D-884AB1A313A1}.Release|x64.ActiveCfg = Release|Any CPU
		{B044756E-6A16-485A-897D-884AB1A313A1}.Release|x64.Build.0 = Release|Any CPU
		{B044756E-6A16-485A-897D-884AB1A313A1}.Release|x86.ActiveCfg = Release|Any CPU
		{B044756E-6A16-485A-897D-884AB1A313A1}.Release|x86.Build.0 = Release|Any CPU
	EndGlobalSection
	GlobalSection(SolutionProperties) = preSolution
		HideSolutionNode = FALSE
	EndGlobalSection
	GlobalSection(ExtensibilityGlobals) = postSolution
		SolutionGuid = {004AFE86-8048-497F-AFD2-5E40D8EC5191}
	EndGlobalSection
EndGlobal
