
Microsoft Visual Studio Solution File, Format Version 12.00
# Visual Studio Version 17
VisualStudioVersion = 17.4.33213.308
MinimumVisualStudioVersion = 10.0.40219.1
Project("{2150E333-8FDC-42A3-9474-1A3956D46DE8}") = "Solution Items", "Solution Items", "{8B05575B-1134-458F-93E7-771DDB342650}"
	ProjectSection(SolutionItems) = preProject
		README.md = README.md
	EndProjectSection
EndProject
Project("{9A19103F-16F7-4668-BE54-9A1E7A4F7556}") = "Translator.Explorer", "Translator.Explorer\Translator.Explorer.csproj", "{BC388F26-81C4-4DDF-B8AD-FDFDD0ED13A2}"
EndProject
Project("{9A19103F-16F7-4668-BE54-9A1E7A4F7556}") = "Translator.Desktop.Foundation", "Translator.Desktop.Foundation\Translator.Desktop.Foundation.csproj", "{9C2DC9CE-D494-4F9F-A0D6-0E401AA8EDF9}"
EndProject
Project("{9A19103F-16F7-4668-BE54-9A1E7A4F7556}") = "Translator.Desktop", "Translator.Admin\Translator.Desktop.csproj", "{CCED4FA5-2F51-4A09-9AAD-E0A3D36185AA}"
EndProject
Project("{9A19103F-16F7-4668-BE54-9A1E7A4F7556}") = "Translator.Core", "Translator.Core\Translator.Core.csproj", "{AED48376-7CF4-429B-AFBC-395EDD2F23F4}"
EndProject
Project("{9A19103F-16F7-4668-BE54-9A1E7A4F7556}") = "Translator.Web", "Translator.Web.User\Translator.Web.csproj", "{BB5A70D9-75E6-4D8D-A746-A1A21296227D}"
EndProject
Global
	GlobalSection(SolutionConfigurationPlatforms) = preSolution
		Debug Admin|Any CPU = Debug Admin|Any CPU
		Debug|Any CPU = Debug|Any CPU
		Release Admin|Any CPU = Release Admin|Any CPU
		Release|Any CPU = Release|Any CPU
	EndGlobalSection
	GlobalSection(ProjectConfigurationPlatforms) = postSolution
		{BC388F26-81C4-4DDF-B8AD-FDFDD0ED13A2}.Debug Admin|Any CPU.ActiveCfg = Debug|Any CPU
		{BC388F26-81C4-4DDF-B8AD-FDFDD0ED13A2}.Debug Admin|Any CPU.Build.0 = Debug|Any CPU
		{BC388F26-81C4-4DDF-B8AD-FDFDD0ED13A2}.Debug|Any CPU.ActiveCfg = Debug|Any CPU
		{BC388F26-81C4-4DDF-B8AD-FDFDD0ED13A2}.Debug|Any CPU.Build.0 = Debug|Any CPU
		{BC388F26-81C4-4DDF-B8AD-FDFDD0ED13A2}.Release Admin|Any CPU.ActiveCfg = Release|Any CPU
		{BC388F26-81C4-4DDF-B8AD-FDFDD0ED13A2}.Release Admin|Any CPU.Build.0 = Release|Any CPU
		{BC388F26-81C4-4DDF-B8AD-FDFDD0ED13A2}.Release|Any CPU.ActiveCfg = Release|Any CPU
		{BC388F26-81C4-4DDF-B8AD-FDFDD0ED13A2}.Release|Any CPU.Build.0 = Release|Any CPU
		{9C2DC9CE-D494-4F9F-A0D6-0E401AA8EDF9}.Debug Admin|Any CPU.ActiveCfg = Debug Admin|Any CPU
		{9C2DC9CE-D494-4F9F-A0D6-0E401AA8EDF9}.Debug Admin|Any CPU.Build.0 = Debug Admin|Any CPU
		{9C2DC9CE-D494-4F9F-A0D6-0E401AA8EDF9}.Debug|Any CPU.ActiveCfg = Debug|Any CPU
		{9C2DC9CE-D494-4F9F-A0D6-0E401AA8EDF9}.Debug|Any CPU.Build.0 = Debug|Any CPU
		{9C2DC9CE-D494-4F9F-A0D6-0E401AA8EDF9}.Release Admin|Any CPU.ActiveCfg = Release Admin|Any CPU
		{9C2DC9CE-D494-4F9F-A0D6-0E401AA8EDF9}.Release Admin|Any CPU.Build.0 = Release Admin|Any CPU
		{9C2DC9CE-D494-4F9F-A0D6-0E401AA8EDF9}.Release|Any CPU.ActiveCfg = Release|Any CPU
		{9C2DC9CE-D494-4F9F-A0D6-0E401AA8EDF9}.Release|Any CPU.Build.0 = Release|Any CPU
		{CCED4FA5-2F51-4A09-9AAD-E0A3D36185AA}.Debug Admin|Any CPU.ActiveCfg = Debug Admin|Any CPU
		{CCED4FA5-2F51-4A09-9AAD-E0A3D36185AA}.Debug Admin|Any CPU.Build.0 = Debug Admin|Any CPU
		{CCED4FA5-2F51-4A09-9AAD-E0A3D36185AA}.Debug|Any CPU.ActiveCfg = Debug|Any CPU
		{CCED4FA5-2F51-4A09-9AAD-E0A3D36185AA}.Debug|Any CPU.Build.0 = Debug|Any CPU
		{CCED4FA5-2F51-4A09-9AAD-E0A3D36185AA}.Release Admin|Any CPU.ActiveCfg = Release Admin|Any CPU
		{CCED4FA5-2F51-4A09-9AAD-E0A3D36185AA}.Release Admin|Any CPU.Build.0 = Release Admin|Any CPU
		{CCED4FA5-2F51-4A09-9AAD-E0A3D36185AA}.Release|Any CPU.ActiveCfg = Release|Any CPU
		{CCED4FA5-2F51-4A09-9AAD-E0A3D36185AA}.Release|Any CPU.Build.0 = Release|Any CPU
		{AED48376-7CF4-429B-AFBC-395EDD2F23F4}.Debug Admin|Any CPU.ActiveCfg = Debug|Any CPU
		{AED48376-7CF4-429B-AFBC-395EDD2F23F4}.Debug Admin|Any CPU.Build.0 = Debug|Any CPU
		{AED48376-7CF4-429B-AFBC-395EDD2F23F4}.Debug|Any CPU.ActiveCfg = Debug|Any CPU
		{AED48376-7CF4-429B-AFBC-395EDD2F23F4}.Debug|Any CPU.Build.0 = Debug|Any CPU
		{AED48376-7CF4-429B-AFBC-395EDD2F23F4}.Release Admin|Any CPU.ActiveCfg = Release|Any CPU
		{AED48376-7CF4-429B-AFBC-395EDD2F23F4}.Release Admin|Any CPU.Build.0 = Release|Any CPU
		{AED48376-7CF4-429B-AFBC-395EDD2F23F4}.Release|Any CPU.ActiveCfg = Release|Any CPU
		{AED48376-7CF4-429B-AFBC-395EDD2F23F4}.Release|Any CPU.Build.0 = Release|Any CPU
		{BB5A70D9-75E6-4D8D-A746-A1A21296227D}.Debug Admin|Any CPU.ActiveCfg = Debug|Any CPU
		{BB5A70D9-75E6-4D8D-A746-A1A21296227D}.Debug Admin|Any CPU.Build.0 = Debug|Any CPU
		{BB5A70D9-75E6-4D8D-A746-A1A21296227D}.Debug|Any CPU.ActiveCfg = Debug|Any CPU
		{BB5A70D9-75E6-4D8D-A746-A1A21296227D}.Debug|Any CPU.Build.0 = Debug|Any CPU
		{BB5A70D9-75E6-4D8D-A746-A1A21296227D}.Release Admin|Any CPU.ActiveCfg = Release|Any CPU
		{BB5A70D9-75E6-4D8D-A746-A1A21296227D}.Release Admin|Any CPU.Build.0 = Release|Any CPU
		{BB5A70D9-75E6-4D8D-A746-A1A21296227D}.Release|Any CPU.ActiveCfg = Release|Any CPU
		{BB5A70D9-75E6-4D8D-A746-A1A21296227D}.Release|Any CPU.Build.0 = Release|Any CPU
	EndGlobalSection
	GlobalSection(SolutionProperties) = preSolution
		HideSolutionNode = FALSE
	EndGlobalSection
	GlobalSection(ExtensibilityGlobals) = postSolution
		SolutionGuid = {004AFE86-8048-497F-AFD2-5E40D8EC5191}
	EndGlobalSection
EndGlobal
